
Microsoft Visual Studio Solution File, Format Version 12.00
# Visual Studio Version 17
VisualStudioVersion = 17.7.34024.191
MinimumVisualStudioVersion = 10.0.40219.1
Project("{FAE04EC0-301F-11D3-BF4B-00C04F79EFBC}") = "AplikasiBelanja", "AplikasiBelanja.csproj", "{FD23D185-D4DC-45D0-8B7A-B4101D40C7A1}"
EndProject
Global
	GlobalSection(SolutionConfigurationPlatforms) = preSolution
		Debug|Any CPU = Debug|Any CPU
		Release|Any CPU = Release|Any CPU
	EndGlobalSection
	GlobalSection(ProjectConfigurationPlatforms) = postSolution
		{FD23D185-D4DC-45D0-8B7A-B4101D40C7A1}.Debug|Any CPU.ActiveCfg = Debug|Any CPU
		{FD23D185-D4DC-45D0-8B7A-B4101D40C7A1}.Debug|Any CPU.Build.0 = Debug|Any CPU
		{FD23D185-D4DC-45D0-8B7A-B4101D40C7A1}.Release|Any CPU.ActiveCfg = Release|Any CPU
		{FD23D185-D4DC-45D0-8B7A-B4101D40C7A1}.Release|Any CPU.Build.0 = Release|Any CPU
	EndGlobalSection
	GlobalSection(SolutionProperties) = preSolution
		HideSolutionNode = FALSE
	EndGlobalSection
	GlobalSection(ExtensibilityGlobals) = postSolution
		SolutionGuid = {7C0D1E85-5D00-45FF-9E41-AF5CE42F9172}
	EndGlobalSection
EndGlobal
